PODS:
  - Flutter (1.0.0)
  - motion_sensors (0.0.1):
    - Flutter
  - permission_handler_apple (9.1.1):
    - Flutter
  - Protobuf (3.24.3)
  - reactive_ble_mobile (0.0.1):
    - Flutter
    - Protobuf (~> 3.5)
    - SwiftProtobuf (~> 1.0)
  - SwiftProtobuf (1.23.0)

DEPENDENCIES:
  - Flutter (from `Flutter`)
  - motion_sensors (from `.symlinks/plugins/motion_sensors/ios`)
  - permission_handler_apple (from `.symlinks/plugins/permission_handler_apple/ios`)
  - reactive_ble_mobile (from `.symlinks/plugins/reactive_ble_mobile/ios`)

SPEC REPOS:
  trunk:
    - Protobuf
    - SwiftProtobuf

EXTERNAL SOURCES:
  Flutter:
    :path: Flutter
  motion_sensors:
    :path: ".symlinks/plugins/motion_sensors/ios"
  permission_handler_apple:
    :path: ".symlinks/plugins/permission_handler_apple/ios"
  reactive_ble_mobile:
    :path: ".symlinks/plugins/reactive_ble_mobile/ios"

SPEC CHECKSUMS:
  Flutter: f04841e97a9d0b0a8025694d0796dd46242b2854
  motion_sensors: 03f55b7c637a7e365a0b5f9697a449f9059d5d91
  permission_handler_apple: e76247795d700c14ea09e3a2d8855d41ee80a2e6
  Protobuf: 970f7ee93a3a08e3cf64859b8efd95ee32b4f87f
  reactive_ble_mobile: 9ce6723d37ccf701dbffd202d487f23f5de03b4c
  SwiftProtobuf: b70d65f419fbfe61a2d58003456ca5da58e337d6

PODFILE CHECKSUM: 70d9d25280d0dd177a5f637cdb0f0b0b12c6a189

COCOAPODS: 1.12.1
